<?xml version="1.0" encoding="utf-8"?>
<Project ToolsVersion="16.0" xmlns="http://schemas.microsoft.com/developer/msbuild/2003">
  <ItemGroup>
    <ClCompile Include="C:\varjo-sdk\examples\EyeCameraStreamExample\src\EyeCameraStream.cpp">
      <Filter>Application</Filter>
    </ClCompile>
    <ClCompile Include="C:\varjo-sdk\examples\EyeCameraStreamExample\src\main.cpp">
      <Filter>Application</Filter>
    </ClCompile>
    <ClCompile Include="C:\varjo-sdk\examples\EyeCameraStreamExample\src\StreamingApplication.cpp">
      <Filter>Application</Filter>
    </ClCompile>
    <ClCompile Include="C:\varjo-sdk\examples\EyeCameraStreamExample\src\UIApplication.cpp">
      <Filter>Application</Filter>
    </ClCompile>
    <ClCompile Include="C:\varjo-sdk\examples\Common\DataStreamer.cpp">
      <Filter>Common</Filter>
    </ClCompile>
    <ClCompile Include="C:\varjo-sdk\examples\Common\Globals.cpp">
      <Filter>Common</Filter>
    </ClCompile>
    <ClCompile Include="C:\varjo-sdk\examples\Common\Session.cpp">
      <Filter>Common</Filter>
    </ClCompile>
    <ClCompile Include="C:\varjo-sdk\examples\Common\UI.cpp">
      <Filter>Common</Filter>
    </ClCompile>
    <ClCompile Include="C:\varjo-sdk\examples\Common\Undistorter.cpp">
      <Filter>Common</Filter>
    </ClCompile>
  </ItemGroup>
  <ItemGroup>
    <ClInclude Include="C:\varjo-sdk\examples\EyeCameraStreamExample\src\EyeCameraStream.hpp">
      <Filter>Application</Filter>
    </ClInclude>
    <ClInclude Include="C:\varjo-sdk\examples\EyeCameraStreamExample\src\IApplication.hpp">
      <Filter>Application</Filter>
    </ClInclude>
    <ClInclude Include="C:\varjo-sdk\examples\EyeCameraStreamExample\src\StreamingApplication.hpp">
      <Filter>Application</Filter>
    </ClInclude>
    <ClInclude Include="C:\varjo-sdk\examples\EyeCameraStreamExample\src\UIApplication.hpp">
      <Filter>Application</Filter>
    </ClInclude>
    <ClInclude Include="C:\varjo-sdk\examples\Common\DataStreamer.hpp">
      <Filter>Common</Filter>
    </ClInclude>
    <ClInclude Include="C:\varjo-sdk\examples\Common\Globals.hpp">
      <Filter>Common</Filter>
    </ClInclude>
    <ClInclude Include="C:\varjo-sdk\examples\Common\Session.hpp">
      <Filter>Common</Filter>
    </ClInclude>
    <ClInclude Include="C:\varjo-sdk\examples\Common\UI.hpp">
      <Filter>Common</Filter>
    </ClInclude>
    <ClInclude Include="C:\varjo-sdk\examples\Common\Undistorter.hpp">
      <Filter>Common</Filter>
    </ClInclude>
  </ItemGroup>
  <ItemGroup>
    <CustomBuild Include="C:\varjo-sdk\examples\EyeCameraStreamExample\CMakeLists.txt" />
  </ItemGroup>
  <ItemGroup>
    <Filter Include="Application">
      <UniqueIdentifier>{27C67122-6DC3-3852-9D15-9207B709AB0A}</UniqueIdentifier>
    </Filter>
    <Filter Include="Common">
      <UniqueIdentifier>{9DBCBE69-80C6-3394-BF70-F47FD6C4D751}</UniqueIdentifier>
    </Filter>
  </ItemGroup>
</Project>
