<?xml version="1.0" encoding="utf-8"?>
<Project ToolsVersion="16.0" xmlns="http://schemas.microsoft.com/developer/msbuild/2003">
  <ItemGroup>
    <ClCompile Include="C:\varjo-sdk\examples\ChromaKeyExample\src\main.cpp">
      <Filter>Source Files</Filter>
    </ClCompile>
    <ClCompile Include="C:\varjo-sdk\examples\Common\CameraManager.cpp">
      <Filter>Common</Filter>
    </ClCompile>
    <ClCompile Include="C:\varjo-sdk\examples\Common\ChromaKeyManager.cpp">
      <Filter>Common</Filter>
    </ClCompile>
    <ClCompile Include="C:\varjo-sdk\examples\Common\D3D11MultiLayerView.cpp">
      <Filter>Common</Filter>
    </ClCompile>
    <ClCompile Include="C:\varjo-sdk\examples\Common\D3D11Renderer.cpp">
      <Filter>Common</Filter>
    </ClCompile>
    <ClCompile Include="C:\varjo-sdk\examples\Common\D3D11Shaders.cpp">
      <Filter>Common</Filter>
    </ClCompile>
    <ClCompile Include="C:\varjo-sdk\examples\Common\Globals.cpp">
      <Filter>Common</Filter>
    </ClCompile>
    <ClCompile Include="C:\varjo-sdk\examples\Common\MultiLayerView.cpp">
      <Filter>Common</Filter>
    </ClCompile>
    <ClCompile Include="C:\varjo-sdk\examples\Common\Renderer.cpp">
      <Filter>Common</Filter>
    </ClCompile>
    <ClCompile Include="C:\varjo-sdk\examples\Common\Scene.cpp">
      <Filter>Common</Filter>
    </ClCompile>
    <ClCompile Include="C:\varjo-sdk\examples\Common\SyncView.cpp">
      <Filter>Common</Filter>
    </ClCompile>
  </ItemGroup>
  <ItemGroup>
    <ClInclude Include="C:\varjo-sdk\examples\Common\CameraManager.hpp">
      <Filter>Common</Filter>
    </ClInclude>
    <ClInclude Include="C:\varjo-sdk\examples\Common\ChromaKeyManager.hpp">
      <Filter>Common</Filter>
    </ClInclude>
    <ClInclude Include="C:\varjo-sdk\examples\Common\D3D11MultiLayerView.hpp">
      <Filter>Common</Filter>
    </ClInclude>
    <ClInclude Include="C:\varjo-sdk\examples\Common\D3D11Renderer.hpp">
      <Filter>Common</Filter>
    </ClInclude>
    <ClInclude Include="C:\varjo-sdk\examples\Common\D3D11Shaders.hpp">
      <Filter>Common</Filter>
    </ClInclude>
    <ClInclude Include="C:\varjo-sdk\examples\Common\ExampleShaders.hpp">
      <Filter>Common</Filter>
    </ClInclude>
    <ClInclude Include="C:\varjo-sdk\examples\Common\Globals.hpp">
      <Filter>Common</Filter>
    </ClInclude>
    <ClInclude Include="C:\varjo-sdk\examples\Common\MultiLayerView.hpp">
      <Filter>Common</Filter>
    </ClInclude>
    <ClInclude Include="C:\varjo-sdk\examples\Common\Renderer.hpp">
      <Filter>Common</Filter>
    </ClInclude>
    <ClInclude Include="C:\varjo-sdk\examples\Common\Scene.hpp">
      <Filter>Common</Filter>
    </ClInclude>
    <ClInclude Include="C:\varjo-sdk\examples\Common\SyncView.hpp">
      <Filter>Common</Filter>
    </ClInclude>
  </ItemGroup>
  <ItemGroup>
    <CustomBuild Include="C:\varjo-sdk\examples\ChromaKeyExample\CMakeLists.txt" />
  </ItemGroup>
  <ItemGroup>
    <Filter Include="Common">
      <UniqueIdentifier>{9DBCBE69-80C6-3394-BF70-F47FD6C4D751}</UniqueIdentifier>
    </Filter>
    <Filter Include="Source Files">
      <UniqueIdentifier>{5C41B232-E80B-3179-B99E-D385485076F0}</UniqueIdentifier>
    </Filter>
  </ItemGroup>
</Project>
