<?xml version="1.0" encoding="utf-8"?>
<Project ToolsVersion="16.0" xmlns="http://schemas.microsoft.com/developer/msbuild/2003">
  <ItemGroup>
    <CustomBuild Include="C:\varjo-sdk\examples\build-vs-debug\CMakeFiles\23411a372edb699c503af0cb05a61ec6\generate.stamp.rule">
      <Filter>CMake Rules</Filter>
    </CustomBuild>
  </ItemGroup>
  <ItemGroup>
    <Filter Include="CMake Rules">
      <UniqueIdentifier>{D317D550-EB05-390C-AB9F-895274924C5A}</UniqueIdentifier>
    </Filter>
  </ItemGroup>
</Project>
