<?xml version="1.0" encoding="utf-8"?>
<Project ToolsVersion="16.0" xmlns="http://schemas.microsoft.com/developer/msbuild/2003">
  <ItemGroup>
    <ClCompile Include="C:\varjo-sdk\examples\Benchmark\src\D3D11Renderer.cpp">
      <Filter>Source Files</Filter>
    </ClCompile>
    <ClCompile Include="C:\varjo-sdk\examples\Benchmark\src\D3D12Renderer.cpp">
      <Filter>Source Files</Filter>
    </ClCompile>
    <ClCompile Include="C:\varjo-sdk\examples\Benchmark\src\D3DShaders.cpp">
      <Filter>Source Files</Filter>
    </ClCompile>
    <ClCompile Include="C:\varjo-sdk\examples\Benchmark\src\GLRenderer.cpp">
      <Filter>Source Files</Filter>
    </ClCompile>
    <ClCompile Include="C:\varjo-sdk\examples\Benchmark\src\GazeTracking.cpp">
      <Filter>Source Files</Filter>
    </ClCompile>
    <ClCompile Include="C:\varjo-sdk\examples\Benchmark\src\Geometry.cpp">
      <Filter>Source Files</Filter>
    </ClCompile>
    <ClCompile Include="C:\varjo-sdk\examples\Benchmark\src\GeometryGenerator.cpp">
      <Filter>Source Files</Filter>
    </ClCompile>
    <ClCompile Include="C:\varjo-sdk\examples\Benchmark\src\IRenderer.cpp">
      <Filter>Source Files</Filter>
    </ClCompile>
    <ClCompile Include="C:\varjo-sdk\examples\Benchmark\src\OpenVRTracker.cpp">
      <Filter>Source Files</Filter>
    </ClCompile>
    <ClCompile Include="C:\varjo-sdk\examples\Benchmark\src\VRSHelper.cpp">
      <Filter>Source Files</Filter>
    </ClCompile>
    <ClCompile Include="C:\varjo-sdk\examples\Benchmark\src\Window.cpp">
      <Filter>Source Files</Filter>
    </ClCompile>
    <ClCompile Include="C:\varjo-sdk\examples\Benchmark\src\main.cpp">
      <Filter>Source Files</Filter>
    </ClCompile>
  </ItemGroup>
  <ItemGroup>
    <ClInclude Include="C:\varjo-sdk\examples\Benchmark\src\Config.hpp">
      <Filter>Header Files</Filter>
    </ClInclude>
    <ClInclude Include="C:\varjo-sdk\examples\Benchmark\src\D3D11Renderer.hpp">
      <Filter>Header Files</Filter>
    </ClInclude>
    <ClInclude Include="C:\varjo-sdk\examples\Benchmark\src\D3D12Renderer.hpp">
      <Filter>Header Files</Filter>
    </ClInclude>
    <ClInclude Include="C:\varjo-sdk\examples\Benchmark\src\D3DShaders.hpp">
      <Filter>Header Files</Filter>
    </ClInclude>
    <ClInclude Include="C:\varjo-sdk\examples\Benchmark\src\GLRenderer.hpp">
      <Filter>Header Files</Filter>
    </ClInclude>
    <ClInclude Include="C:\varjo-sdk\examples\Benchmark\src\GazeTracking.hpp">
      <Filter>Header Files</Filter>
    </ClInclude>
    <ClInclude Include="C:\varjo-sdk\examples\Benchmark\src\Geometry.hpp">
      <Filter>Header Files</Filter>
    </ClInclude>
    <ClInclude Include="C:\varjo-sdk\examples\Benchmark\src\GeometryGenerator.hpp">
      <Filter>Header Files</Filter>
    </ClInclude>
    <ClInclude Include="C:\varjo-sdk\examples\Benchmark\src\IRenderer.hpp">
      <Filter>Header Files</Filter>
    </ClInclude>
    <ClInclude Include="C:\varjo-sdk\examples\Benchmark\src\OpenVRTracker.hpp">
      <Filter>Header Files</Filter>
    </ClInclude>
    <ClInclude Include="C:\varjo-sdk\examples\Benchmark\src\Profiler.hpp">
      <Filter>Header Files</Filter>
    </ClInclude>
    <ClInclude Include="C:\varjo-sdk\examples\Benchmark\src\VRSHelper.hpp">
      <Filter>Header Files</Filter>
    </ClInclude>
    <ClInclude Include="C:\varjo-sdk\examples\Benchmark\src\Window.hpp">
      <Filter>Header Files</Filter>
    </ClInclude>
  </ItemGroup>
  <ItemGroup>
    <CustomBuild Include="C:\varjo-sdk\examples\Benchmark\CMakeLists.txt" />
  </ItemGroup>
  <ItemGroup>
    <Filter Include="Header Files">
      <UniqueIdentifier>{CE56567B-1E5B-3C59-8FEF-FEA12667335C}</UniqueIdentifier>
    </Filter>
    <Filter Include="Source Files">
      <UniqueIdentifier>{5C41B232-E80B-3179-B99E-D385485076F0}</UniqueIdentifier>
    </Filter>
  </ItemGroup>
</Project>
